// !$*UTF8*$!
{
	archiveVersion = 1;
	classes = {
	};
	objectVersion = 51;
	objects = {

/* Begin PBXBuildFile section */
		8F183EA92231DE1300030AA0 /* SignUpVC.swift in Sources */ = {isa = PBXBuildFile; fileRef = 8F183EA82231DE1300030AA0 /* SignUpVC.swift */; };
		8F183EAC2231EC8F00030AA0 /* ProfileCell.swift in Sources */ = {isa = PBXBuildFile; fileRef = 8F183EAB2231EC8E00030AA0 /* ProfileCell.swift */; };
		8F26FBD6221A0482009FA641 /* API + Ads.swift in Sources */ = {isa = PBXBuildFile; fileRef = 8FD973472219BB0400C5858F /* API + Ads.swift */; };
		8F2730FB22707C3900A0C038 /* String + Extension.swift in Sources */ = {isa = PBXBuildFile; fileRef = 8F2730FA22707C3500A0C038 /* String + Extension.swift */; };
		8F2730FD22707C9700A0C038 /* Double + Extension.swift in Sources */ = {isa = PBXBuildFile; fileRef = 8F2730FC22707C9700A0C038 /* Double + Extension.swift */; };
		8F2D9624220733310093F46D /* marketCell.swift in Sources */ = {isa = PBXBuildFile; fileRef = 8F2D9623220733310093F46D /* marketCell.swift */; };
		8F3AAC6A22622589009D7C67 /* TrendCell.swift in Sources */ = {isa = PBXBuildFile; fileRef = 8F3AAC6922622587009D7C67 /* TrendCell.swift */; };
		8F3AAC6C22623231009D7C67 /* specialLenses.swift in Sources */ = {isa = PBXBuildFile; fileRef = 8F3AAC6B22623230009D7C67 /* specialLenses.swift */; };
		8F3AAC6E226236F1009D7C67 /* Trend.swift in Sources */ = {isa = PBXBuildFile; fileRef = 8F3AAC6D226236F1009D7C67 /* Trend.swift */; };
		8F3AD4982220A43500E4836D /* Localizable.strings in Resources */ = {isa = PBXBuildFile; fileRef = 8F3AD49A2220A43500E4836D /* Localizable.strings */; };
		8F3EC5A12288133100336D0E /* SendOrderModel.swift in Sources */ = {isa = PBXBuildFile; fileRef = 8F3EC5A02288133100336D0E /* SendOrderModel.swift */; };
		8F3EC5A522883F7800336D0E /* ItemsList.xcdatamodeld in Sources */ = {isa = PBXBuildFile; fileRef = 8F3EC5A322883F7800336D0E /* ItemsList.xcdatamodeld */; };
		8F3F55DB22667B5E0076375B /* CardView.swift in Sources */ = {isa = PBXBuildFile; fileRef = 8F3F55DA22667B5E0076375B /* CardView.swift */; };
		8F3F55DD226741DD0076375B /* CollectionCell + extension.swift in Sources */ = {isa = PBXBuildFile; fileRef = 8F3F55DC226741DD0076375B /* CollectionCell + extension.swift */; };
		8F3F55E0226771010076375B /* SpecailLensesVC.swift in Sources */ = {isa = PBXBuildFile; fileRef = 8F3F55DF226771010076375B /* SpecailLensesVC.swift */; };
		8F439E3522186034006C4326 /* OHCircleSegue.swift in Sources */ = {isa = PBXBuildFile; fileRef = 8F439E3422186032006C4326 /* OHCircleSegue.swift */; };
		8F439E382218CF82006C4326 /* API.swift in Sources */ = {isa = PBXBuildFile; fileRef = 8F439E372218CF82006C4326 /* API.swift */; };
		8F439E3A2218D299006C4326 /* URLs.swift in Sources */ = {isa = PBXBuildFile; fileRef = 8F439E392218D297006C4326 /* URLs.swift */; };
		8F447E502247ACAA00B75A25 /* QuestionsVC.swift in Sources */ = {isa = PBXBuildFile; fileRef = 8F447E4F2247ACA900B75A25 /* QuestionsVC.swift */; };
		8F447E522247ADA300B75A25 /* QuestionCell.swift in Sources */ = {isa = PBXBuildFile; fileRef = 8F447E512247ADA300B75A25 /* QuestionCell.swift */; };
		8F447E542247B06300B75A25 /* Question.swift in Sources */ = {isa = PBXBuildFile; fileRef = 8F447E532247B06300B75A25 /* Question.swift */; };
		8F447E572247D2C700B75A25 /* ModelCV.swift in Sources */ = {isa = PBXBuildFile; fileRef = 8F447E562247D2C700B75A25 /* ModelCV.swift */; };
		8F447E592247D39800B75A25 /* ModelCell.swift in Sources */ = {isa = PBXBuildFile; fileRef = 8F447E582247D39800B75A25 /* ModelCell.swift */; };
		8F447E5B22480E6200B75A25 /* Brand.swift in Sources */ = {isa = PBXBuildFile; fileRef = 8F447E5A22480E6200B75A25 /* Brand.swift */; };
		8F447E5D2248F73B00B75A25 /* UITabBar.swift in Sources */ = {isa = PBXBuildFile; fileRef = 8F447E5C2248F73B00B75A25 /* UITabBar.swift */; };
		8F4C3B1E220B724700C74A38 /* CartVC.swift in Sources */ = {isa = PBXBuildFile; fileRef = 8F4C3B1D220B724600C74A38 /* CartVC.swift */; };
		8F4C3B21220B759800C74A38 /* MoreVC.swift in Sources */ = {isa = PBXBuildFile; fileRef = 8F4C3B20220B759700C74A38 /* MoreVC.swift */; };
		8F4C3B24220B77D100C74A38 /* MoreCell.swift in Sources */ = {isa = PBXBuildFile; fileRef = 8F4C3B23220B77D100C74A38 /* MoreCell.swift */; };
		8F4C3B29220B7D0E00C74A38 /* UITableView+Ext.swift in Sources */ = {isa = PBXBuildFile; fileRef = 8F4C3B26220B7D0E00C74A38 /* UITableView+Ext.swift */; };
		8F4C3B2A220B7D0E00C74A38 /* Animations.swift in Sources */ = {isa = PBXBuildFile; fileRef = 8F4C3B27220B7D0E00C74A38 /* Animations.swift */; };
		8F4C3B2B220B7D0E00C74A38 /* Animator.swift in Sources */ = {isa = PBXBuildFile; fileRef = 8F4C3B28220B7D0E00C74A38 /* Animator.swift */; };
		8F4C3B30220C65C200C74A38 /* CircularTransition.swift in Sources */ = {isa = PBXBuildFile; fileRef = 8F4C3B2E220C65C000C74A38 /* CircularTransition.swift */; };
		8F4C3B31220C65C200C74A38 /* TransitionCoordinator.swift in Sources */ = {isa = PBXBuildFile; fileRef = 8F4C3B2F220C65C000C74A38 /* TransitionCoordinator.swift */; };
		8F6A468B229AB0F5001771BD /* DesignableImageView.swift in Sources */ = {isa = PBXBuildFile; fileRef = 8F6A466D229AB0F4001771BD /* DesignableImageView.swift */; };
		8F6A468C229AB0F5001771BD /* KeyboardLayoutConstraint.swift in Sources */ = {isa = PBXBuildFile; fileRef = 8F6A466E229AB0F4001771BD /* KeyboardLayoutConstraint.swift */; };
		8F6A468D229AB0F5001771BD /* TransitionManager.swift in Sources */ = {isa = PBXBuildFile; fileRef = 8F6A466F229AB0F4001771BD /* TransitionManager.swift */; };
		8F6A468E229AB0F5001771BD /* TransitionZoom.swift in Sources */ = {isa = PBXBuildFile; fileRef = 8F6A4670229AB0F4001771BD /* TransitionZoom.swift */; };
		8F6A468F229AB0F5001771BD /* ImageLoader.swift in Sources */ = {isa = PBXBuildFile; fileRef = 8F6A4671229AB0F4001771BD /* ImageLoader.swift */; };
		8F6A4690229AB0F5001771BD /* Spring.swift in Sources */ = {isa = PBXBuildFile; fileRef = 8F6A4672229AB0F4001771BD /* Spring.swift */; };
		8F6A4691229AB0F5001771BD /* SpringImageView.swift in Sources */ = {isa = PBXBuildFile; fileRef = 8F6A4673229AB0F4001771BD /* SpringImageView.swift */; };
		8F6A4692229AB0F5001771BD /* DesignableLabel.swift in Sources */ = {isa = PBXBuildFile; fileRef = 8F6A4674229AB0F4001771BD /* DesignableLabel.swift */; };
		8F6A4693229AB0F5001771BD /* SoundPlayer.swift in Sources */ = {isa = PBXBuildFile; fileRef = 8F6A4675229AB0F4001771BD /* SoundPlayer.swift */; };
		8F6A4694229AB0F5001771BD /* BlurView.swift in Sources */ = {isa = PBXBuildFile; fileRef = 8F6A4676229AB0F4001771BD /* BlurView.swift */; };
		8F6A4695229AB0F5001771BD /* DesignableTextField.swift in Sources */ = {isa = PBXBuildFile; fileRef = 8F6A4677229AB0F4001771BD /* DesignableTextField.swift */; };
		8F6A4696229AB0F5001771BD /* SpringButton.swift in Sources */ = {isa = PBXBuildFile; fileRef = 8F6A4678229AB0F4001771BD /* SpringButton.swift */; };
		8F6A4697229AB0F5001771BD /* SpringTextView.swift in Sources */ = {isa = PBXBuildFile; fileRef = 8F6A4679229AB0F4001771BD /* SpringTextView.swift */; };
		8F6A4698229AB0F5001771BD /* Misc.swift in Sources */ = {isa = PBXBuildFile; fileRef = 8F6A467A229AB0F4001771BD /* Misc.swift */; };
		8F6A4699229AB0F5001771BD /* SpringView.swift in Sources */ = {isa = PBXBuildFile; fileRef = 8F6A467B229AB0F4001771BD /* SpringView.swift */; };
		8F6A469A229AB0F5001771BD /* DesignableButton.swift in Sources */ = {isa = PBXBuildFile; fileRef = 8F6A467C229AB0F4001771BD /* DesignableButton.swift */; };
		8F6A469B229AB0F5001771BD /* SpringTextField.swift in Sources */ = {isa = PBXBuildFile; fileRef = 8F6A467D229AB0F4001771BD /* SpringTextField.swift */; };
		8F6A469C229AB0F5001771BD /* DesignableView.swift in Sources */ = {isa = PBXBuildFile; fileRef = 8F6A467E229AB0F4001771BD /* DesignableView.swift */; };
		8F6A469D229AB0F5001771BD /* DesignableTabBarController.swift in Sources */ = {isa = PBXBuildFile; fileRef = 8F6A467F229AB0F4001771BD /* DesignableTabBarController.swift */; };
		8F6A469E229AB0F5001771BD /* AsyncButton.swift in Sources */ = {isa = PBXBuildFile; fileRef = 8F6A4680229AB0F4001771BD /* AsyncButton.swift */; };
		8F6A469F229AB0F5001771BD /* LoadingView.xib in Resources */ = {isa = PBXBuildFile; fileRef = 8F6A4681229AB0F4001771BD /* LoadingView.xib */; };
		8F6A46A0229AB0F5001771BD /* SpringLabel.swift in Sources */ = {isa = PBXBuildFile; fileRef = 8F6A4682229AB0F4001771BD /* SpringLabel.swift */; };
		8F6A46A1229AB0F5001771BD /* DesignableTextView.swift in Sources */ = {isa = PBXBuildFile; fileRef = 8F6A4684229AB0F4001771BD /* DesignableTextView.swift */; };
		8F6A46A2229AB0F5001771BD /* AutoTextView.swift in Sources */ = {isa = PBXBuildFile; fileRef = 8F6A4685229AB0F4001771BD /* AutoTextView.swift */; };
		8F6A46A3229AB0F5001771BD /* SpringAnimation.swift in Sources */ = {isa = PBXBuildFile; fileRef = 8F6A4686229AB0F4001771BD /* SpringAnimation.swift */; };
		8F6A46A4229AB0F5001771BD /* UnwindSegue.swift in Sources */ = {isa = PBXBuildFile; fileRef = 8F6A4687229AB0F4001771BD /* UnwindSegue.swift */; };
		8F6A46A5229AB0F5001771BD /* LoadingView.swift in Sources */ = {isa = PBXBuildFile; fileRef = 8F6A4688229AB0F4001771BD /* LoadingView.swift */; };
		8F6A46A7229AB0F5001771BD /* AsyncImageView.swift in Sources */ = {isa = PBXBuildFile; fileRef = 8F6A468A229AB0F4001771BD /* AsyncImageView.swift */; };
		8F6B0BC022BFB7A700C9F58E /* CheckLanguage.swift in Sources */ = {isa = PBXBuildFile; fileRef = 8F6B0BBD22BFB7A500C9F58E /* CheckLanguage.swift */; };
		8F6B0BC122BFB7A700C9F58E /* General.swift in Sources */ = {isa = PBXBuildFile; fileRef = 8F6B0BBE22BFB7A600C9F58E /* General.swift */; };
		8F6B0BC422BFB94800C9F58E /* Helper.swift in Sources */ = {isa = PBXBuildFile; fileRef = 8F6B0BC322BFB94700C9F58E /* Helper.swift */; };
		8F6BE12E22A5420C00F73752 /* iOSDropDown.framework in Frameworks */ = {isa = PBXBuildFile; fileRef = 8F6BE12D22A5420C00F73752 /* iOSDropDown.framework */; };
		8F7C77172206E51A00AA2CB7 /* AppDelegate.swift in Sources */ = {isa = PBXBuildFile; fileRef = 8F7C77162206E51A00AA2CB7 /* AppDelegate.swift */; };
		8F7C77192206E51A00AA2CB7 /* MarketVC.swift in Sources */ = {isa = PBXBuildFile; fileRef = 8F7C77182206E51A00AA2CB7 /* MarketVC.swift */; };
		8F7C771C2206E51A00AA2CB7 /* Main.storyboard in Resources */ = {isa = PBXBuildFile; fileRef = 8F7C771A2206E51A00AA2CB7 /* Main.storyboard */; };
		8F7C77212206E52C00AA2CB7 /* Assets.xcassets in Resources */ = {isa = PBXBuildFile; fileRef = 8F7C77202206E52C00AA2CB7 /* Assets.xcassets */; };
		8F7C77242206E52C00AA2CB7 /* LaunchScreen.storyboard in Resources */ = {isa = PBXBuildFile; fileRef = 8F7C77222206E52C00AA2CB7 /* LaunchScreen.storyboard */; };
		8F7C77312206EEFD00AA2CB7 /* LoginVC.swift in Sources */ = {isa = PBXBuildFile; fileRef = 8F7C77302206EEFD00AA2CB7 /* LoginVC.swift */; };
		8F7C773F2206FBB400AA2CB7 /* CornerButtons.swift in Sources */ = {isa = PBXBuildFile; fileRef = 8F7C773E2206FBB300AA2CB7 /* CornerButtons.swift */; };
		8F7C77422206FCD500AA2CB7 /* RoundedUIView.swift in Sources */ = {isa = PBXBuildFile; fileRef = 8F7C77412206FCD500AA2CB7 /* RoundedUIView.swift */; };
		8F826CFE220C7C4F002C762A /* SearchVC.swift in Sources */ = {isa = PBXBuildFile; fileRef = 8F826CFD220C7C4F002C762A /* SearchVC.swift */; };
		8F826D00220C7CA3002C762A /* SearchCell.swift in Sources */ = {isa = PBXBuildFile; fileRef = 8F826CFF220C7CA3002C762A /* SearchCell.swift */; };
		8F8C13E72208CF4E00F2A3D1 /* UIButton + extension.swift in Sources */ = {isa = PBXBuildFile; fileRef = 8F8C13E62208CF4E00F2A3D1 /* UIButton + extension.swift */; };
		8F8C13E92208F53300F2A3D1 /* ImageInsideTextField.swift in Sources */ = {isa = PBXBuildFile; fileRef = 8F8C13E82208F53100F2A3D1 /* ImageInsideTextField.swift */; };
		8F8C13EB22090A4900F2A3D1 /* UIView + extension.swift in Sources */ = {isa = PBXBuildFile; fileRef = 8F8C13EA22090A4900F2A3D1 /* UIView + extension.swift */; };
		8F8C13ED22090E1A00F2A3D1 /* JSON+Extension.swift in Sources */ = {isa = PBXBuildFile; fileRef = 8F8C13EC22090E1900F2A3D1 /* JSON+Extension.swift */; };
		8F8C13EF22091D1A00F2A3D1 /* CircleImage.swift in Sources */ = {isa = PBXBuildFile; fileRef = 8F8C13EE22091D1A00F2A3D1 /* CircleImage.swift */; };
		8F8C13F122098A6100F2A3D1 /* ContactUsVC.swift in Sources */ = {isa = PBXBuildFile; fileRef = 8F8C13F022098A5D00F2A3D1 /* ContactUsVC.swift */; };
		8F8C13F32209900F00F2A3D1 /* ProfileVC.swift in Sources */ = {isa = PBXBuildFile; fileRef = 8F8C13F22209900A00F2A3D1 /* ProfileVC.swift */; };
		8F8C13F5220994C600F2A3D1 /* Validation+Extension.swift in Sources */ = {isa = PBXBuildFile; fileRef = 8F8C13F4220994C600F2A3D1 /* Validation+Extension.swift */; };
		8F8C13F8220999A500F2A3D1 /* MyOrders.swift in Sources */ = {isa = PBXBuildFile; fileRef = 8F8C13F7220999A500F2A3D1 /* MyOrders.swift */; };
		8F8C13FA220999E400F2A3D1 /* MyOrderTableViewCell.swift in Sources */ = {isa = PBXBuildFile; fileRef = 8F8C13F9220999E400F2A3D1 /* MyOrderTableViewCell.swift */; };
		8F8C13FC22099A1000F2A3D1 /* MyOrderCollectionViewCell.swift in Sources */ = {isa = PBXBuildFile; fileRef = 8F8C13FB22099A1000F2A3D1 /* MyOrderCollectionViewCell.swift */; };
		8F970DEE226B21A300AF587E /* UITextField + extension.swift in Sources */ = {isa = PBXBuildFile; fileRef = 8F970DED226B21A300AF587E /* UITextField + extension.swift */; };
		8F970DF0226B21D400AF587E /* ViewController + extensions.swift in Sources */ = {isa = PBXBuildFile; fileRef = 8F970DEF226B21D400AF587E /* ViewController + extensions.swift */; };
		8FA170252291FC0F000484E6 /* Coupon.swift in Sources */ = {isa = PBXBuildFile; fileRef = 8FA170242291FC0F000484E6 /* Coupon.swift */; };
		8FA1702922934BBD000484E6 /* ColorViewVC.swift in Sources */ = {isa = PBXBuildFile; fileRef = 8FA1702822934BBC000484E6 /* ColorViewVC.swift */; };
		8FA1702C229379B1000484E6 /* BrandsVC.swift in Sources */ = {isa = PBXBuildFile; fileRef = 8FA1702B229379B1000484E6 /* BrandsVC.swift */; };
		8FA1702F2294476B000484E6 /* TransparentViewVC.swift in Sources */ = {isa = PBXBuildFile; fileRef = 8FA1702E2294476A000484E6 /* TransparentViewVC.swift */; };
		8FA170312294479B000484E6 /* transCell.swift in Sources */ = {isa = PBXBuildFile; fileRef = 8FA170302294479B000484E6 /* transCell.swift */; };
		8FAACF0722903D5400CA3843 /* OrderStatusVC.swift in Sources */ = {isa = PBXBuildFile; fileRef = 8FAACF0622903D5400CA3843 /* OrderStatusVC.swift */; };
		8FBE5B0822956529002FB158 /* OrderStatusCell.swift in Sources */ = {isa = PBXBuildFile; fileRef = 8FBE5B0722956528002FB158 /* OrderStatusCell.swift */; };
		8FC827DA221A39F300DBCCFD /* Login.swift in Sources */ = {isa = PBXBuildFile; fileRef = 8FC827D9221A39F300DBCCFD /* Login.swift */; };
		8FC827DC221B09E900DBCCFD /* Slider.swift in Sources */ = {isa = PBXBuildFile; fileRef = 8FC827DB221B09E600DBCCFD /* Slider.swift */; };
		8FC827DE221B7E7500DBCCFD /* TermsVC.swift in Sources */ = {isa = PBXBuildFile; fileRef = 8FC827DD221B7E7400DBCCFD /* TermsVC.swift */; };
		8FC827E0221C26BB00DBCCFD /* Package.swift in Sources */ = {isa = PBXBuildFile; fileRef = 8FC827DF221C26B600DBCCFD /* Package.swift */; };
		8FC827E2221CF33F00DBCCFD /* MyOrder.swift in Sources */ = {isa = PBXBuildFile; fileRef = 8FC827E1221CF33F00DBCCFD /* MyOrder.swift */; };
		8FD8B878220DCD450018645A /* CartCell.swift in Sources */ = {isa = PBXBuildFile; fileRef = 8FD8B877220DCD450018645A /* CartCell.swift */; };
		8FE27E062207428E00487348 /* FavoriteVC.swift in Sources */ = {isa = PBXBuildFile; fileRef = 8FE27E052207428E00487348 /* FavoriteVC.swift */; };
		8FE27E082207432F00487348 /* FavCell.swift in Sources */ = {isa = PBXBuildFile; fileRef = 8FE27E072207432F00487348 /* FavCell.swift */; };
		8FE27E0A220799A400487348 /* Ads.swift in Sources */ = {isa = PBXBuildFile; fileRef = 8FE27E09220799A400487348 /* Ads.swift */; };
		8FE27E0D2207D29D00487348 /* OffersVC.swift in Sources */ = {isa = PBXBuildFile; fileRef = 8FE27E0C2207D29D00487348 /* OffersVC.swift */; };
		8FE27E0F2207D41000487348 /* OffersCell.swift in Sources */ = {isa = PBXBuildFile; fileRef = 8FE27E0E2207D41000487348 /* OffersCell.swift */; };
		8FE27E112207D8AB00487348 /* AdContentVC.swift in Sources */ = {isa = PBXBuildFile; fileRef = 8FE27E102207D8AB00487348 /* AdContentVC.swift */; };
		8FE3297D22945F8C001D8971 /* AccessoryCell.swift in Sources */ = {isa = PBXBuildFile; fileRef = 8FE3297C22945F8C001D8971 /* AccessoryCell.swift */; };
		8FE3297F2294606D001D8971 /* AccessoryViewVC.swift in Sources */ = {isa = PBXBuildFile; fileRef = 8FE3297E2294606D001D8971 /* AccessoryViewVC.swift */; };
		8FE329812294A68D001D8971 /* AboutUsVC.swift in Sources */ = {isa = PBXBuildFile; fileRef = 8FE329802294A68C001D8971 /* AboutUsVC.swift */; };
		8FE329832294A98C001D8971 /* PolicyVC.swift in Sources */ = {isa = PBXBuildFile; fileRef = 8FE329822294A98C001D8971 /* PolicyVC.swift */; };
		8FE69131229B2F440070B6A6 /* BadgeBarButtonItem.swift in Sources */ = {isa = PBXBuildFile; fileRef = 8FE69130229B2F440070B6A6 /* BadgeBarButtonItem.swift */; };
		8FE95B64220A60420026C97E /* Alert.swift in Sources */ = {isa = PBXBuildFile; fileRef = 8FE95B63220A60410026C97E /* Alert.swift */; };
		8FEE580B22314E25001F913C /* OrderConfirmationVC.swift in Sources */ = {isa = PBXBuildFile; fileRef = 8FEE580A22314E25001F913C /* OrderConfirmationVC.swift */; };
		8FEE580E2231581C001F913C /* AccessoriesContentVC.swift in Sources */ = {isa = PBXBuildFile; fileRef = 8FEE580D2231581C001F913C /* AccessoriesContentVC.swift */; };
		8FF0C3D6225606ED009B946A /* API + Brands.swift in Sources */ = {isa = PBXBuildFile; fileRef = 8FF0C3D5225606ED009B946A /* API + Brands.swift */; };
		8FFD6D56225F8739006C91F0 /* BrandsCell.swift in Sources */ = {isa = PBXBuildFile; fileRef = 8FFD6D55225F8739006C91F0 /* BrandsCell.swift */; };
		D6A3A1C22163E0DCEC81C5D2 /* Pods_Iris.framework in Frameworks */ = {isa = PBXBuildFile; fileRef = 755E99928AF75D2392BB8A00 /* Pods_Iris.framework */; };
/* End PBXBuildFile section */

/* Begin PBXFileReference section */
		672A9F7949B2DA3F5E63F720 /* Pods-Iris.release.xcconfig */ = {isa = PBXFileReference; includeInIndex = 1; lastKnownFileType = text.xcconfig; name = "Pods-Iris.release.xcconfig"; path = "Pods/Target Support Files/Pods-Iris/Pods-Iris.release.xcconfig"; sourceTree = "<group>"; };
		755E99928AF75D2392BB8A00 /* Pods_Iris.framework */ = {isa = PBXFileReference; explicitFileType = wrapper.framework; includeInIndex = 0; path = Pods_Iris.framework; sourceTree = BUILT_PRODUCTS_DIR; };
		7DBEA2430973606534090F8A /* Pods-Iris.debug.xcconfig */ = {isa = PBXFileReference; includeInIndex = 1; lastKnownFileType = text.xcconfig; name = "Pods-Iris.debug.xcconfig"; path = "Pods/Target Support Files/Pods-Iris/Pods-Iris.debug.xcconfig"; sourceTree = "<group>"; };
		8F183EA82231DE1300030AA0 /* SignUpVC.swift */ = {isa = PBXFileReference; lastKnownFileType = sourcecode.swift; path = SignUpVC.swift; sourceTree = "<group>"; };
		8F183EAB2231EC8E00030AA0 /* ProfileCell.swift */ = {isa = PBXFileReference; lastKnownFileType = sourcecode.swift; path = ProfileCell.swift; sourceTree = "<group>"; };
		8F2730FA22707C3500A0C038 /* String + Extension.swift */ = {isa = PBXFileReference; fileEncoding = 4; lastKnownFileType = sourcecode.swift; path = "String + Extension.swift"; sourceTree = "<group>"; };
		8F2730FC22707C9700A0C038 /* Double + Extension.swift */ = {isa = PBXFileReference; fileEncoding = 4; lastKnownFileType = sourcecode.swift; path = "Double + Extension.swift"; sourceTree = "<group>"; };
		8F2D9623220733310093F46D /* marketCell.swift */ = {isa = PBXFileReference; lastKnownFileType = sourcecode.swift; path = marketCell.swift; sourceTree = "<group>"; };
		8F3AAC6922622587009D7C67 /* TrendCell.swift */ = {isa = PBXFileReference; lastKnownFileType = sourcecode.swift; path = TrendCell.swift; sourceTree = "<group>"; };
		8F3AAC6B22623230009D7C67 /* specialLenses.swift */ = {isa = PBXFileReference; lastKnownFileType = sourcecode.swift; path = specialLenses.swift; sourceTree = "<group>"; };
		8F3AAC6D226236F1009D7C67 /* Trend.swift */ = {isa = PBXFileReference; lastKnownFileType = sourcecode.swift; path = Trend.swift; sourceTree = "<group>"; };
		8F3AD4942220A39400E4836D /* ar */ = {isa = PBXFileReference; lastKnownFileType = text.plist.strings; name = ar; path = ar.lproj/Main.strings; sourceTree = "<group>"; };
		8F3AD4952220A3D700E4836D /* ar */ = {isa = PBXFileReference; lastKnownFileType = text.plist.strings; name = ar; path = ar.lproj/LaunchScreen.strings; sourceTree = "<group>"; };
		8F3AD4992220A43500E4836D /* en */ = {isa = PBXFileReference; lastKnownFileType = text.plist.strings; name = en; path = en.lproj/Localizable.strings; sourceTree = "<group>"; };
		8F3AD49B2220A44A00E4836D /* ar */ = {isa = PBXFileReference; lastKnownFileType = text.plist.strings; name = ar; path = ar.lproj/Localizable.strings; sourceTree = "<group>"; };
		8F3EC5A02288133100336D0E /* SendOrderModel.swift */ = {isa = PBXFileReference; lastKnownFileType = sourcecode.swift; path = SendOrderModel.swift; sourceTree = "<group>"; };
		8F3EC5A422883F7800336D0E /* ItemsList.xcdatamodel */ = {isa = PBXFileReference; lastKnownFileType = wrapper.xcdatamodel; path = ItemsList.xcdatamodel; sourceTree = "<group>"; };
		8F3F55DA22667B5E0076375B /* CardView.swift */ = {isa = PBXFileReference; lastKnownFileType = sourcecode.swift; path = CardView.swift; sourceTree = "<group>"; };
		8F3F55DC226741DD0076375B /* CollectionCell + extension.swift */ = {isa = PBXFileReference; lastKnownFileType = sourcecode.swift; path = "CollectionCell + extension.swift"; sourceTree = "<group>"; };
		8F3F55DF226771010076375B /* SpecailLensesVC.swift */ = {isa = PBXFileReference; lastKnownFileType = sourcecode.swift; path = SpecailLensesVC.swift; sourceTree = "<group>"; };
		8F439E3422186032006C4326 /* OHCircleSegue.swift */ = {isa = PBXFileReference; fileEncoding = 4; lastKnownFileType = sourcecode.swift; path = OHCircleSegue.swift; sourceTree = "<group>"; };
		8F439E372218CF82006C4326 /* API.swift */ = {isa = PBXFileReference; lastKnownFileType = sourcecode.swift; path = API.swift; sourceTree = "<group>"; };
		8F439E392218D297006C4326 /* URLs.swift */ = {isa = PBXFileReference; lastKnownFileType = sourcecode.swift; path = URLs.swift; sourceTree = "<group>"; };
		8F447E4F2247ACA900B75A25 /* QuestionsVC.swift */ = {isa = PBXFileReference; lastKnownFileType = sourcecode.swift; path = QuestionsVC.swift; sourceTree = "<group>"; };
		8F447E512247ADA300B75A25 /* QuestionCell.swift */ = {isa = PBXFileReference; lastKnownFileType = sourcecode.swift; path = QuestionCell.swift; sourceTree = "<group>"; };
		8F447E532247B06300B75A25 /* Question.swift */ = {isa = PBXFileReference; lastKnownFileType = sourcecode.swift; path = Question.swift; sourceTree = "<group>"; };
		8F447E562247D2C700B75A25 /* ModelCV.swift */ = {isa = PBXFileReference; lastKnownFileType = sourcecode.swift; path = ModelCV.swift; sourceTree = "<group>"; };
		8F447E582247D39800B75A25 /* ModelCell.swift */ = {isa = PBXFileReference; lastKnownFileType = sourcecode.swift; path = ModelCell.swift; sourceTree = "<group>"; };
		8F447E5A22480E6200B75A25 /* Brand.swift */ = {isa = PBXFileReference; lastKnownFileType = sourcecode.swift; path = Brand.swift; sourceTree = "<group>"; };
		8F447E5C2248F73B00B75A25 /* UITabBar.swift */ = {isa = PBXFileReference; fileEncoding = 4; lastKnownFileType = sourcecode.swift; path = UITabBar.swift; sourceTree = "<group>"; };
		8F4C3B1D220B724600C74A38 /* CartVC.swift */ = {isa = PBXFileReference; lastKnownFileType = sourcecode.swift; path = CartVC.swift; sourceTree = "<group>"; };
		8F4C3B20220B759700C74A38 /* MoreVC.swift */ = {isa = PBXFileReference; lastKnownFileType = sourcecode.swift; path = MoreVC.swift; sourceTree = "<group>"; };
		8F4C3B23220B77D100C74A38 /* MoreCell.swift */ = {isa = PBXFileReference; lastKnownFileType = sourcecode.swift; path = MoreCell.swift; sourceTree = "<group>"; };
		8F4C3B26220B7D0E00C74A38 /* UITableView+Ext.swift */ = {isa = PBXFileReference; fileEncoding = 4; lastKnownFileType = sourcecode.swift; path = "UITableView+Ext.swift"; sourceTree = "<group>"; };
		8F4C3B27220B7D0E00C74A38 /* Animations.swift */ = {isa = PBXFileReference; fileEncoding = 4; lastKnownFileType = sourcecode.swift; path = Animations.swift; sourceTree = "<group>"; };
		8F4C3B28220B7D0E00C74A38 /* Animator.swift */ = {isa = PBXFileReference; fileEncoding = 4; lastKnownFileType = sourcecode.swift; path = Animator.swift; sourceTree = "<group>"; };
		8F4C3B2E220C65C000C74A38 /* CircularTransition.swift */ = {isa = PBXFileReference; fileEncoding = 4; lastKnownFileType = sourcecode.swift; path = CircularTransition.swift; sourceTree = "<group>"; };
		8F4C3B2F220C65C000C74A38 /* TransitionCoordinator.swift */ = {isa = PBXFileReference; fileEncoding = 4; lastKnownFileType = sourcecode.swift; path = TransitionCoordinator.swift; sourceTree = "<group>"; };
		8F6A466D229AB0F4001771BD /* DesignableImageView.swift */ = {isa = PBXFileReference; fileEncoding = 4; lastKnownFileType = sourcecode.swift; path = DesignableImageView.swift; sourceTree = "<group>"; };
		8F6A466E229AB0F4001771BD /* KeyboardLayoutConstraint.swift */ = {isa = PBXFileReference; fileEncoding = 4; lastKnownFileType = sourcecode.swift; path = KeyboardLayoutConstraint.swift; sourceTree = "<group>"; };
		8F6A466F229AB0F4001771BD /* TransitionManager.swift */ = {isa = PBXFileReference; fileEncoding = 4; lastKnownFileType = sourcecode.swift; path = TransitionManager.swift; sourceTree = "<group>"; };
		8F6A4670229AB0F4001771BD /* TransitionZoom.swift */ = {isa = PBXFileReference; fileEncoding = 4; lastKnownFileType = sourcecode.swift; path = TransitionZoom.swift; sourceTree = "<group>"; };
		8F6A4671229AB0F4001771BD /* ImageLoader.swift */ = {isa = PBXFileReference; fileEncoding = 4; lastKnownFileType = sourcecode.swift; path = ImageLoader.swift; sourceTree = "<group>"; };
		8F6A4672229AB0F4001771BD /* Spring.swift */ = {isa = PBXFileReference; fileEncoding = 4; lastKnownFileType = sourcecode.swift; path = Spring.swift; sourceTree = "<group>"; };
		8F6A4673229AB0F4001771BD /* SpringImageView.swift */ = {isa = PBXFileReference; fileEncoding = 4; lastKnownFileType = sourcecode.swift; path = SpringImageView.swift; sourceTree = "<group>"; };
		8F6A4674229AB0F4001771BD /* DesignableLabel.swift */ = {isa = PBXFileReference; fileEncoding = 4; lastKnownFileType = sourcecode.swift; path = DesignableLabel.swift; sourceTree = "<group>"; };
		8F6A4675229AB0F4001771BD /* SoundPlayer.swift */ = {isa = PBXFileReference; fileEncoding = 4; lastKnownFileType = sourcecode.swift; path = SoundPlayer.swift; sourceTree = "<group>"; };
		8F6A4676229AB0F4001771BD /* BlurView.swift */ = {isa = PBXFileReference; fileEncoding = 4; lastKnownFileType = sourcecode.swift; path = BlurView.swift; sourceTree = "<group>"; };
		8F6A4677229AB0F4001771BD /* DesignableTextField.swift */ = {isa = PBXFileReference; fileEncoding = 4; lastKnownFileType = sourcecode.swift; path = DesignableTextField.swift; sourceTree = "<group>"; };
		8F6A4678229AB0F4001771BD /* SpringButton.swift */ = {isa = PBXFileReference; fileEncoding = 4; lastKnownFileType = sourcecode.swift; path = SpringButton.swift; sourceTree = "<group>"; };
		8F6A4679229AB0F4001771BD /* SpringTextView.swift */ = {isa = PBXFileReference; fileEncoding = 4; lastKnownFileType = sourcecode.swift; path = SpringTextView.swift; sourceTree = "<group>"; };
		8F6A467A229AB0F4001771BD /* Misc.swift */ = {isa = PBXFileReference; fileEncoding = 4; lastKnownFileType = sourcecode.swift; path = Misc.swift; sourceTree = "<group>"; };
		8F6A467B229AB0F4001771BD /* SpringView.swift */ = {isa = PBXFileReference; fileEncoding = 4; lastKnownFileType = sourcecode.swift; path = SpringView.swift; sourceTree = "<group>"; };
		8F6A467C229AB0F4001771BD /* DesignableButton.swift */ = {isa = PBXFileReference; fileEncoding = 4; lastKnownFileType = sourcecode.swift; path = DesignableButton.swift; sourceTree = "<group>"; };
		8F6A467D229AB0F4001771BD /* SpringTextField.swift */ = {isa = PBXFileReference; fileEncoding = 4; lastKnownFileType = sourcecode.swift; path = SpringTextField.swift; sourceTree = "<group>"; };
		8F6A467E229AB0F4001771BD /* DesignableView.swift */ = {isa = PBXFileReference; fileEncoding = 4; lastKnownFileType = sourcecode.swift; path = DesignableView.swift; sourceTree = "<group>"; };
		8F6A467F229AB0F4001771BD /* DesignableTabBarController.swift */ = {isa = PBXFileReference; fileEncoding = 4; lastKnownFileType = sourcecode.swift; path = DesignableTabBarController.swift; sourceTree = "<group>"; };
		8F6A4680229AB0F4001771BD /* AsyncButton.swift */ = {isa = PBXFileReference; fileEncoding = 4; lastKnownFileType = sourcecode.swift; path = AsyncButton.swift; sourceTree = "<group>"; };
		8F6A4681229AB0F4001771BD /* LoadingView.xib */ = {isa = PBXFileReference; fileEncoding = 4; lastKnownFileType = file.xib; path = LoadingView.xib; sourceTree = "<group>"; };
		8F6A4682229AB0F4001771BD /* SpringLabel.swift */ = {isa = PBXFileReference; fileEncoding = 4; lastKnownFileType = sourcecode.swift; path = SpringLabel.swift; sourceTree = "<group>"; };
		8F6A4683229AB0F4001771BD /* Spring.h */ = {isa = PBXFileReference; fileEncoding = 4; lastKnownFileType = sourcecode.c.h; path = Spring.h; sourceTree = "<group>"; };
		8F6A4684229AB0F4001771BD /* DesignableTextView.swift */ = {isa = PBXFileReference; fileEncoding = 4; lastKnownFileType = sourcecode.swift; path = DesignableTextView.swift; sourceTree = "<group>"; };
		8F6A4685229AB0F4001771BD /* AutoTextView.swift */ = {isa = PBXFileReference; fileEncoding = 4; lastKnownFileType = sourcecode.swift; path = AutoTextView.swift; sourceTree = "<group>"; };
		8F6A4686229AB0F4001771BD /* SpringAnimation.swift */ = {isa = PBXFileReference; fileEncoding = 4; lastKnownFileType = sourcecode.swift; path = SpringAnimation.swift; sourceTree = "<group>"; };
		8F6A4687229AB0F4001771BD /* UnwindSegue.swift */ = {isa = PBXFileReference; fileEncoding = 4; lastKnownFileType = sourcecode.swift; path = UnwindSegue.swift; sourceTree = "<group>"; };
		8F6A4688229AB0F4001771BD /* LoadingView.swift */ = {isa = PBXFileReference; fileEncoding = 4; lastKnownFileType = sourcecode.swift; path = LoadingView.swift; sourceTree = "<group>"; };
		8F6A4689229AB0F4001771BD /* Info.plist */ = {isa = PBXFileReference; fileEncoding = 4; lastKnownFileType = text.plist.xml; path = Info.plist; sourceTree = "<group>"; };
		8F6A468A229AB0F4001771BD /* AsyncImageView.swift */ = {isa = PBXFileReference; fileEncoding = 4; lastKnownFileType = sourcecode.swift; path = AsyncImageView.swift; sourceTree = "<group>"; };
		8F6B0BBD22BFB7A500C9F58E /* CheckLanguage.swift */ = {isa = PBXFileReference; fileEncoding = 4; lastKnownFileType = sourcecode.swift; path = CheckLanguage.swift; sourceTree = "<group>"; };
		8F6B0BBE22BFB7A600C9F58E /* General.swift */ = {isa = PBXFileReference; fileEncoding = 4; lastKnownFileType = sourcecode.swift; path = General.swift; sourceTree = "<group>"; };
		8F6B0BC322BFB94700C9F58E /* Helper.swift */ = {isa = PBXFileReference; fileEncoding = 4; lastKnownFileType = sourcecode.swift; path = Helper.swift; sourceTree = "<group>"; };
		8F6BE12D22A5420C00F73752 /* iOSDropDown.framework */ = {isa = PBXFileReference; explicitFileType = wrapper.framework; path = iOSDropDown.framework; sourceTree = BUILT_PRODUCTS_DIR; };
		8F7C77132206E51A00AA2CB7 /* Iris.app */ = {isa = PBXFileReference; explicitFileType = wrapper.application; includeInIndex = 0; path = Iris.app; sourceTree = BUILT_PRODUCTS_DIR; };
		8F7C77162206E51A00AA2CB7 /* AppDelegate.swift */ = {isa = PBXFileReference; lastKnownFileType = sourcecode.swift; path = AppDelegate.swift; sourceTree = "<group>"; };
		8F7C77182206E51A00AA2CB7 /* MarketVC.swift */ = {isa = PBXFileReference; lastKnownFileType = sourcecode.swift; path = MarketVC.swift; sourceTree = "<group>"; };
		8F7C771B2206E51A00AA2CB7 /* Base */ = {isa = PBXFileReference; lastKnownFileType = file.storyboard; name = Base; path = Base.lproj/Main.storyboard; sourceTree = "<group>"; };
		8F7C77202206E52C00AA2CB7 /* Assets.xcassets */ = {isa = PBXFileReference; lastKnownFileType = folder.assetcatalog; path = Assets.xcassets; sourceTree = "<group>"; };
		8F7C77232206E52C00AA2CB7 /* Base */ = {isa = PBXFileReference; lastKnownFileType = file.storyboard; name = Base; path = Base.lproj/LaunchScreen.storyboard; sourceTree = "<group>"; };
		8F7C77252206E52C00AA2CB7 /* Info.plist */ = {isa = PBXFileReference; lastKnownFileType = text.plist.xml; path = Info.plist; sourceTree = "<group>"; };
		8F7C77302206EEFD00AA2CB7 /* LoginVC.swift */ = {isa = PBXFileReference; lastKnownFileType = sourcecode.swift; path = LoginVC.swift; sourceTree = "<group>"; };
		8F7C773E2206FBB300AA2CB7 /* CornerButtons.swift */ = {isa = PBXFileReference; fileEncoding = 4; lastKnownFileType = sourcecode.swift; path = CornerButtons.swift; sourceTree = "<group>"; };
		8F7C77412206FCD500AA2CB7 /* RoundedUIView.swift */ = {isa = PBXFileReference; lastKnownFileType = sourcecode.swift; path = RoundedUIView.swift; sourceTree = "<group>"; };
		8F826CFD220C7C4F002C762A /* SearchVC.swift */ = {isa = PBXFileReference; lastKnownFileType = sourcecode.swift; path = SearchVC.swift; sourceTree = "<group>"; };
		8F826CFF220C7CA3002C762A /* SearchCell.swift */ = {isa = PBXFileReference; lastKnownFileType = sourcecode.swift; path = SearchCell.swift; sourceTree = "<group>"; };
		8F8C13E62208CF4E00F2A3D1 /* UIButton + extension.swift */ = {isa = PBXFileReference; lastKnownFileType = sourcecode.swift; path = "UIButton + extension.swift"; sourceTree = "<group>"; };
		8F8C13E82208F53100F2A3D1 /* ImageInsideTextField.swift */ = {isa = PBXFileReference; fileEncoding = 4; lastKnownFileType = sourcecode.swift; path = ImageInsideTextField.swift; sourceTree = "<group>"; };
		8F8C13EA22090A4900F2A3D1 /* UIView + extension.swift */ = {isa = PBXFileReference; lastKnownFileType = sourcecode.swift; path = "UIView + extension.swift"; sourceTree = "<group>"; };
		8F8C13EC22090E1900F2A3D1 /* JSON+Extension.swift */ = {isa = PBXFileReference; fileEncoding = 4; lastKnownFileType = sourcecode.swift; path = "JSON+Extension.swift"; sourceTree = "<group>"; };
		8F8C13EE22091D1A00F2A3D1 /* CircleImage.swift */ = {isa = PBXFileReference; fileEncoding = 4; lastKnownFileType = sourcecode.swift; path = CircleImage.swift; sourceTree = "<group>"; };
		8F8C13F022098A5D00F2A3D1 /* ContactUsVC.swift */ = {isa = PBXFileReference; lastKnownFileType = sourcecode.swift; path = ContactUsVC.swift; sourceTree = "<group>"; };
		8F8C13F22209900A00F2A3D1 /* ProfileVC.swift */ = {isa = PBXFileReference; lastKnownFileType = sourcecode.swift; path = ProfileVC.swift; sourceTree = "<group>"; };
		8F8C13F4220994C600F2A3D1 /* Validation+Extension.swift */ = {isa = PBXFileReference; lastKnownFileType = sourcecode.swift; path = "Validation+Extension.swift"; sourceTree = "<group>"; };
		8F8C13F7220999A500F2A3D1 /* MyOrders.swift */ = {isa = PBXFileReference; lastKnownFileType = sourcecode.swift; path = MyOrders.swift; sourceTree = "<group>"; };
		8F8C13F9220999E400F2A3D1 /* MyOrderTableViewCell.swift */ = {isa = PBXFileReference; lastKnownFileType = sourcecode.swift; path = MyOrderTableViewCell.swift; sourceTree = "<group>"; };
		8F8C13FB22099A1000F2A3D1 /* MyOrderCollectionViewCell.swift */ = {isa = PBXFileReference; lastKnownFileType = sourcecode.swift; path = MyOrderCollectionViewCell.swift; sourceTree = "<group>"; };
		8F970DED226B21A300AF587E /* UITextField + extension.swift */ = {isa = PBXFileReference; fileEncoding = 4; lastKnownFileType = sourcecode.swift; path = "UITextField + extension.swift"; sourceTree = "<group>"; };
		8F970DEF226B21D400AF587E /* ViewController + extensions.swift */ = {isa = PBXFileReference; fileEncoding = 4; lastKnownFileType = sourcecode.swift; path = "ViewController + extensions.swift"; sourceTree = "<group>"; };
		8FA170242291FC0F000484E6 /* Coupon.swift */ = {isa = PBXFileReference; lastKnownFileType = sourcecode.swift; path = Coupon.swift; sourceTree = "<group>"; };
		8FA1702822934BBC000484E6 /* ColorViewVC.swift */ = {isa = PBXFileReference; lastKnownFileType = sourcecode.swift; path = ColorViewVC.swift; sourceTree = "<group>"; };
		8FA1702B229379B1000484E6 /* BrandsVC.swift */ = {isa = PBXFileReference; lastKnownFileType = sourcecode.swift; path = BrandsVC.swift; sourceTree = "<group>"; };
		8FA1702E2294476A000484E6 /* TransparentViewVC.swift */ = {isa = PBXFileReference; lastKnownFileType = sourcecode.swift; path = TransparentViewVC.swift; sourceTree = "<group>"; };
		8FA170302294479B000484E6 /* transCell.swift */ = {isa = PBXFileReference; lastKnownFileType = sourcecode.swift; path = transCell.swift; sourceTree = "<group>"; };
		8FAACF0622903D5400CA3843 /* OrderStatusVC.swift */ = {isa = PBXFileReference; lastKnownFileType = sourcecode.swift; path = OrderStatusVC.swift; sourceTree = "<group>"; };
		8FBE5B0722956528002FB158 /* OrderStatusCell.swift */ = {isa = PBXFileReference; lastKnownFileType = sourcecode.swift; path = OrderStatusCell.swift; sourceTree = "<group>"; };
		8FC827D9221A39F300DBCCFD /* Login.swift */ = {isa = PBXFileReference; lastKnownFileType = sourcecode.swift; path = Login.swift; sourceTree = "<group>"; };
		8FC827DB221B09E600DBCCFD /* Slider.swift */ = {isa = PBXFileReference; lastKnownFileType = sourcecode.swift; path = Slider.swift; sourceTree = "<group>"; };
		8FC827DD221B7E7400DBCCFD /* TermsVC.swift */ = {isa = PBXFileReference; lastKnownFileType = sourcecode.swift; path = TermsVC.swift; sourceTree = "<group>"; };
		8FC827DF221C26B600DBCCFD /* Package.swift */ = {isa = PBXFileReference; lastKnownFileType = sourcecode.swift; path = Package.swift; sourceTree = "<group>"; };
		8FC827E1221CF33F00DBCCFD /* MyOrder.swift */ = {isa = PBXFileReference; lastKnownFileType = sourcecode.swift; path = MyOrder.swift; sourceTree = "<group>"; };
		8FD8B877220DCD450018645A /* CartCell.swift */ = {isa = PBXFileReference; lastKnownFileType = sourcecode.swift; path = CartCell.swift; sourceTree = "<group>"; };
		8FD973472219BB0400C5858F /* API + Ads.swift */ = {isa = PBXFileReference; lastKnownFileType = sourcecode.swift; path = "API + Ads.swift"; sourceTree = "<group>"; };
		8FE27E052207428E00487348 /* FavoriteVC.swift */ = {isa = PBXFileReference; lastKnownFileType = sourcecode.swift; path = FavoriteVC.swift; sourceTree = "<group>"; };
		8FE27E072207432F00487348 /* FavCell.swift */ = {isa = PBXFileReference; lastKnownFileType = sourcecode.swift; path = FavCell.swift; sourceTree = "<group>"; };
		8FE27E09220799A400487348 /* Ads.swift */ = {isa = PBXFileReference; lastKnownFileType = sourcecode.swift; path = Ads.swift; sourceTree = "<group>"; };
		8FE27E0C2207D29D00487348 /* OffersVC.swift */ = {isa = PBXFileReference; lastKnownFileType = sourcecode.swift; path = OffersVC.swift; sourceTree = "<group>"; };
		8FE27E0E2207D41000487348 /* OffersCell.swift */ = {isa = PBXFileReference; lastKnownFileType = sourcecode.swift; path = OffersCell.swift; sourceTree = "<group>"; };
		8FE27E102207D8AB00487348 /* AdContentVC.swift */ = {isa = PBXFileReference; lastKnownFileType = sourcecode.swift; path = AdContentVC.swift; sourceTree = "<group>"; };
		8FE3297C22945F8C001D8971 /* AccessoryCell.swift */ = {isa = PBXFileReference; lastKnownFileType = sourcecode.swift; path = AccessoryCell.swift; sourceTree = "<group>"; };
		8FE3297E2294606D001D8971 /* AccessoryViewVC.swift */ = {isa = PBXFileReference; lastKnownFileType = sourcecode.swift; path = AccessoryViewVC.swift; sourceTree = "<group>"; };
		8FE329802294A68C001D8971 /* AboutUsVC.swift */ = {isa = PBXFileReference; lastKnownFileType = sourcecode.swift; path = AboutUsVC.swift; sourceTree = "<group>"; };
		8FE329822294A98C001D8971 /* PolicyVC.swift */ = {isa = PBXFileReference; lastKnownFileType = sourcecode.swift; path = PolicyVC.swift; sourceTree = "<group>"; };
		8FE69130229B2F440070B6A6 /* BadgeBarButtonItem.swift */ = {isa = PBXFileReference; lastKnownFileType = sourcecode.swift; path = BadgeBarButtonItem.swift; sourceTree = "<group>"; };
		8FE95B63220A60410026C97E /* Alert.swift */ = {isa = PBXFileReference; lastKnownFileType = sourcecode.swift; path = Alert.swift; sourceTree = "<group>"; };
		8FEE580A22314E25001F913C /* OrderConfirmationVC.swift */ = {isa = PBXFileReference; lastKnownFileType = sourcecode.swift; path = OrderConfirmationVC.swift; sourceTree = "<group>"; };
		8FEE580D2231581C001F913C /* AccessoriesContentVC.swift */ = {isa = PBXFileReference; lastKnownFileType = sourcecode.swift; path = AccessoriesContentVC.swift; sourceTree = "<group>"; };
		8FF0C3D5225606ED009B946A /* API + Brands.swift */ = {isa = PBXFileReference; lastKnownFileType = sourcecode.swift; path = "API + Brands.swift"; sourceTree = "<group>"; };
		8FFD6D55225F8739006C91F0 /* BrandsCell.swift */ = {isa = PBXFileReference; lastKnownFileType = sourcecode.swift; path = BrandsCell.swift; sourceTree = "<group>"; };
/* End PBXFileReference section */

/* Begin PBXFrameworksBuildPhase section */
		8F7C77102206E51A00AA2CB7 /* Frameworks */ = {
			isa = PBXFrameworksBuildPhase;
			buildActionMask = 2147483647;
			files = (
				8F6BE12E22A5420C00F73752 /* iOSDropDown.framework in Frameworks */,
				D6A3A1C22163E0DCEC81C5D2 /* Pods_Iris.framework in Frameworks */,
			);
			runOnlyForDeploymentPostprocessing = 0;
		};
/* End PBXFrameworksBuildPhase section */

/* Begin PBXGroup section */
		420DFEC74B1B9FE60666C2E5 /* Frameworks */ = {
			isa = PBXGroup;
			children = (
				8F6BE12D22A5420C00F73752 /* iOSDropDown.framework */,
				755E99928AF75D2392BB8A00 /* Pods_Iris.framework */,
			);
			name = Frameworks;
			sourceTree = "<group>";
		};
		73CE04C076754F1E6874B751 /* Pods */ = {
			isa = PBXGroup;
			children = (
				7DBEA2430973606534090F8A /* Pods-Iris.debug.xcconfig */,
				672A9F7949B2DA3F5E63F720 /* Pods-Iris.release.xcconfig */,
			);
			name = Pods;
			sourceTree = "<group>";
		};
		8F183EAA2231EC2F00030AA0 /* Profile */ = {
			isa = PBXGroup;
			children = (
				8F8C13F22209900A00F2A3D1 /* ProfileVC.swift */,
				8F183EAB2231EC8E00030AA0 /* ProfileCell.swift */,
			);
			path = Profile;
			sourceTree = "<group>";
		};
		8F2D9622220730270093F46D /* Market */ = {
			isa = PBXGroup;
			children = (
				8FA1702622934B07000484E6 /* ContainerViews */,
				8F7C77182206E51A00AA2CB7 /* MarketVC.swift */,
			);
			path = Market;
			sourceTree = "<group>";
		};
		8F3AD49322209B9600E4836D /* Localizatoin */ = {
			isa = PBXGroup;
			children = (
				8F3AD49A2220A43500E4836D /* Localizable.strings */,
			);
			path = Localizatoin;
			sourceTree = "<group>";
		};
		8F3F55DE2267706F0076375B /* Special Lenses */ = {
			isa = PBXGroup;
			children = (
				8F3F55DF226771010076375B /* SpecailLensesVC.swift */,
			);
			path = "Special Lenses";
			sourceTree = "<group>";
		};
		8F439E362218CF06006C4326 /* API */ = {
			isa = PBXGroup;
			children = (
				8F439E392218D297006C4326 /* URLs.swift */,
				8F439E372218CF82006C4326 /* API.swift */,
				8FD973472219BB0400C5858F /* API + Ads.swift */,
				8FF0C3D5225606ED009B946A /* API + Brands.swift */,
			);
			path = API;
			sourceTree = "<group>";
		};
		8F447E4C2247A97100B75A25 /* Q&A */ = {
			isa = PBXGroup;
			children = (
				8F447E4F2247ACA900B75A25 /* QuestionsVC.swift */,
				8F447E512247ADA300B75A25 /* QuestionCell.swift */,
			);
			path = "Q&A";
			sourceTree = "<group>";
		};
		8F447E552247D20100B75A25 /* BrandModel */ = {
			isa = PBXGroup;
			children = (
				8F447E562247D2C700B75A25 /* ModelCV.swift */,
				8F447E582247D39800B75A25 /* ModelCell.swift */,
				8F3AAC6922622587009D7C67 /* TrendCell.swift */,
			);
			path = BrandModel;
			sourceTree = "<group>";
		};
		8F4C3B1F220B725C00C74A38 /* Cart */ = {
			isa = PBXGroup;
			children = (
				8F4C3B1D220B724600C74A38 /* CartVC.swift */,
				8FD8B877220DCD450018645A /* CartCell.swift */,
				8F3EC5A322883F7800336D0E /* ItemsList.xcdatamodeld */,
			);
			path = Cart;
			sourceTree = "<group>";
		};
		8F4C3B22220B762100C74A38 /* More */ = {
			isa = PBXGroup;
			children = (
				8F4C3B20220B759700C74A38 /* MoreVC.swift */,
				8F4C3B23220B77D100C74A38 /* MoreCell.swift */,
			);
			path = More;
			sourceTree = "<group>";
		};
		8F4C3B25220B7D0E00C74A38 /* TableViewAnimation */ = {
			isa = PBXGroup;
			children = (
				8F4C3B26220B7D0E00C74A38 /* UITableView+Ext.swift */,
				8F4C3B27220B7D0E00C74A38 /* Animations.swift */,
				8F4C3B28220B7D0E00C74A38 /* Animator.swift */,
			);
			path = TableViewAnimation;
			sourceTree = "<group>";
		};
		8F4C3B2D220C659900C74A38 /* ViewControllerTransition */ = {
			isa = PBXGroup;
			children = (
				8F4C3B2E220C65C000C74A38 /* CircularTransition.swift */,
				8F4C3B2F220C65C000C74A38 /* TransitionCoordinator.swift */,
			);
			path = ViewControllerTransition;
			sourceTree = "<group>";
		};
		8F4C3B32220C665800C74A38 /* Search */ = {
			isa = PBXGroup;
			children = (
				8F826CFD220C7C4F002C762A /* SearchVC.swift */,
				8F826CFF220C7CA3002C762A /* SearchCell.swift */,
			);
			path = Search;
			sourceTree = "<group>";
		};
		8F528CEF221988BC0098F985 /* AdContent */ = {
			isa = PBXGroup;
			children = (
				8FEE580C223157ED001F913C /* Accessories Content */,
				8FE27E102207D8AB00487348 /* AdContentVC.swift */,
			);
			path = AdContent;
			sourceTree = "<group>";
		};
		8F6A466C229AB0F4001771BD /* Spring */ = {
			isa = PBXGroup;
			children = (
				8F6A466D229AB0F4001771BD /* DesignableImageView.swift */,
				8F6A466E229AB0F4001771BD /* KeyboardLayoutConstraint.swift */,
				8F6A466F229AB0F4001771BD /* TransitionManager.swift */,
				8F6A4670229AB0F4001771BD /* TransitionZoom.swift */,
				8F6A4671229AB0F4001771BD /* ImageLoader.swift */,
				8F6A4672229AB0F4001771BD /* Spring.swift */,
				8F6A4673229AB0F4001771BD /* SpringImageView.swift */,
				8F6A4674229AB0F4001771BD /* DesignableLabel.swift */,
				8F6A4675229AB0F4001771BD /* SoundPlayer.swift */,
				8F6A4676229AB0F4001771BD /* BlurView.swift */,
				8F6A4677229AB0F4001771BD /* DesignableTextField.swift */,
				8F6A4678229AB0F4001771BD /* SpringButton.swift */,
				8F6A4679229AB0F4001771BD /* SpringTextView.swift */,
				8F6A467A229AB0F4001771BD /* Misc.swift */,
				8F6A467B229AB0F4001771BD /* SpringView.swift */,
				8F6A467C229AB0F4001771BD /* DesignableButton.swift */,
				8F6A467D229AB0F4001771BD /* SpringTextField.swift */,
				8F6A467E229AB0F4001771BD /* DesignableView.swift */,
				8F6A467F229AB0F4001771BD /* DesignableTabBarController.swift */,
				8F6A4680229AB0F4001771BD /* AsyncButton.swift */,
				8F6A4681229AB0F4001771BD /* LoadingView.xib */,
				8F6A4682229AB0F4001771BD /* SpringLabel.swift */,
				8F6A4683229AB0F4001771BD /* Spring.h */,
				8F6A4684229AB0F4001771BD /* DesignableTextView.swift */,
				8F6A4685229AB0F4001771BD /* AutoTextView.swift */,
				8F6A4686229AB0F4001771BD /* SpringAnimation.swift */,
				8F6A4687229AB0F4001771BD /* UnwindSegue.swift */,
				8F6A4688229AB0F4001771BD /* LoadingView.swift */,
				8F6A4689229AB0F4001771BD /* Info.plist */,
				8F6A468A229AB0F4001771BD /* AsyncImageView.swift */,
			);
			path = Spring;
			sourceTree = "<group>";
		};
		8F6B0BBC22BFB61500C9F58E /* Supporting files */ = {
			isa = PBXGroup;
			children = (
				8F6B0BBD22BFB7A500C9F58E /* CheckLanguage.swift */,
				8F6B0BBE22BFB7A600C9F58E /* General.swift */,
				8F6B0BC322BFB94700C9F58E /* Helper.swift */,
			);
			path = "Supporting files";
			sourceTree = "<group>";
		};
		8F7C770A2206E51900AA2CB7 = {
			isa = PBXGroup;
			children = (
				8F7C77152206E51A00AA2CB7 /* Iris */,
				8F7C77142206E51A00AA2CB7 /* Products */,
				73CE04C076754F1E6874B751 /* Pods */,
				420DFEC74B1B9FE60666C2E5 /* Frameworks */,
			);
			sourceTree = "<group>";
		};
		8F7C77142206E51A00AA2CB7 /* Products */ = {
			isa = PBXGroup;
			children = (
				8F7C77132206E51A00AA2CB7 /* Iris.app */,
			);
			name = Products;
			sourceTree = "<group>";
		};
		8F7C77152206E51A00AA2CB7 /* Iris */ = {
			isa = PBXGroup;
			children = (
				8F3AD49322209B9600E4836D /* Localizatoin */,
				8F7C772E2206EE6300AA2CB7 /* Services */,
				8F6B0BBC22BFB61500C9F58E /* Supporting files */,
				8F7C77402206FC7900AA2CB7 /* Extensions */,
				8F439E362218CF06006C4326 /* API */,
				8F7C772B2206EE0600AA2CB7 /* Controller */,
				8F7C772D2206EE2A00AA2CB7 /* View */,
				8F7C772C2206EE1400AA2CB7 /* Model */,
				8F7C77202206E52C00AA2CB7 /* Assets.xcassets */,
			);
			path = Iris;
			sourceTree = "<group>";
		};
		8F7C772B2206EE0600AA2CB7 /* Controller */ = {
			isa = PBXGroup;
			children = (
				8F3F55DE2267706F0076375B /* Special Lenses */,
				8F7C772F2206EEE400AA2CB7 /* Auth */,
				8F2D9622220730270093F46D /* Market */,
				8F447E552247D20100B75A25 /* BrandModel */,
				8F528CEF221988BC0098F985 /* AdContent */,
				8F4C3B1F220B725C00C74A38 /* Cart */,
				8FEE580922314DE1001F913C /* Send Order */,
				8F4C3B32220C665800C74A38 /* Search */,
				8FE27E0B2207D20100487348 /* Offers */,
				8F8C13F62209994E00F2A3D1 /* MyOrders */,
				8FE27E03220741E900487348 /* Favforite */,
				8F447E4C2247A97100B75A25 /* Q&A */,
				8F4C3B22220B762100C74A38 /* More */,
				8FE27E042207420B00487348 /* Others */,
			);
			path = Controller;
			sourceTree = "<group>";
		};
		8F7C772C2206EE1400AA2CB7 /* Model */ = {
			isa = PBXGroup;
			children = (
				8FC827D9221A39F300DBCCFD /* Login.swift */,
				8FC827DB221B09E600DBCCFD /* Slider.swift */,
				8FE27E09220799A400487348 /* Ads.swift */,
				8FC827DF221C26B600DBCCFD /* Package.swift */,
				8FC827E1221CF33F00DBCCFD /* MyOrder.swift */,
				8F447E532247B06300B75A25 /* Question.swift */,
				8F447E5A22480E6200B75A25 /* Brand.swift */,
				8F3AAC6D226236F1009D7C67 /* Trend.swift */,
				8F3AAC6B22623230009D7C67 /* specialLenses.swift */,
				8F3EC5A02288133100336D0E /* SendOrderModel.swift */,
				8FA170242291FC0F000484E6 /* Coupon.swift */,
			);
			path = Model;
			sourceTree = "<group>";
		};
		8F7C772D2206EE2A00AA2CB7 /* View */ = {
			isa = PBXGroup;
			children = (
				8F7C771A2206E51A00AA2CB7 /* Main.storyboard */,
				8F6A466C229AB0F4001771BD /* Spring */,
				8F4C3B2D220C659900C74A38 /* ViewControllerTransition */,
				8F4C3B25220B7D0E00C74A38 /* TableViewAnimation */,
				8F8C13E52208CE2A00F2A3D1 /* Extensions */,
				8F7C773E2206FBB300AA2CB7 /* CornerButtons.swift */,
				8F8C13E82208F53100F2A3D1 /* ImageInsideTextField.swift */,
				8F7C77412206FCD500AA2CB7 /* RoundedUIView.swift */,
				8F8C13EE22091D1A00F2A3D1 /* CircleImage.swift */,
				8FE95B63220A60410026C97E /* Alert.swift */,
				8F439E3422186032006C4326 /* OHCircleSegue.swift */,
				8F7C77222206E52C00AA2CB7 /* LaunchScreen.storyboard */,
				8F3F55DA22667B5E0076375B /* CardView.swift */,
			);
			path = View;
			sourceTree = "<group>";
		};
		8F7C772E2206EE6300AA2CB7 /* Services */ = {
			isa = PBXGroup;
			children = (
				8F7C77252206E52C00AA2CB7 /* Info.plist */,
			);
			path = Services;
			sourceTree = "<group>";
		};
		8F7C772F2206EEE400AA2CB7 /* Auth */ = {
			isa = PBXGroup;
			children = (
				8F183EAA2231EC2F00030AA0 /* Profile */,
				8F7C77302206EEFD00AA2CB7 /* LoginVC.swift */,
				8F183EA82231DE1300030AA0 /* SignUpVC.swift */,
			);
			path = Auth;
			sourceTree = "<group>";
		};
		8F7C77402206FC7900AA2CB7 /* Extensions */ = {
			isa = PBXGroup;
			children = (
				8F8C13EC22090E1900F2A3D1 /* JSON+Extension.swift */,
				8F2730FA22707C3500A0C038 /* String + Extension.swift */,
				8F2730FC22707C9700A0C038 /* Double + Extension.swift */,
				8F8C13F4220994C600F2A3D1 /* Validation+Extension.swift */,
			);
			path = Extensions;
			sourceTree = "<group>";
		};
		8F8C13E52208CE2A00F2A3D1 /* Extensions */ = {
			isa = PBXGroup;
			children = (
				8F8C13E62208CF4E00F2A3D1 /* UIButton + extension.swift */,
				8F8C13EA22090A4900F2A3D1 /* UIView + extension.swift */,
				8F970DED226B21A300AF587E /* UITextField + extension.swift */,
				8F970DEF226B21D400AF587E /* ViewController + extensions.swift */,
				8F3F55DC226741DD0076375B /* CollectionCell + extension.swift */,
				8FE69130229B2F440070B6A6 /* BadgeBarButtonItem.swift */,
			);
			path = Extensions;
			sourceTree = "<group>";
		};
		8F8C13F62209994E00F2A3D1 /* MyOrders */ = {
			isa = PBXGroup;
			children = (
				8FAACF0522903D1300CA3843 /* OrderStatus */,
				8F8C13F7220999A500F2A3D1 /* MyOrders.swift */,
				8F8C13F9220999E400F2A3D1 /* MyOrderTableViewCell.swift */,
				8F8C13FB22099A1000F2A3D1 /* MyOrderCollectionViewCell.swift */,
			);
			path = MyOrders;
			sourceTree = "<group>";
		};
		8FA1702622934B07000484E6 /* ContainerViews */ = {
			isa = PBXGroup;
			children = (
				8FA1702D2294471A000484E6 /* TransparentView */,
				8FA1702722934B6D000484E6 /* ColorViews */,
				8FE3297B22945F4D001D8971 /* AccessoriesView */,
				8FA1702A22937922000484E6 /* BarndView */,
			);
			path = ContainerViews;
			sourceTree = "<group>";
		};
		8FA1702722934B6D000484E6 /* ColorViews */ = {
			isa = PBXGroup;
			children = (
				8FA1702822934BBC000484E6 /* ColorViewVC.swift */,
				8F2D9623220733310093F46D /* marketCell.swift */,
			);
			path = ColorViews;
			sourceTree = "<group>";
		};
		8FA1702A22937922000484E6 /* BarndView */ = {
			isa = PBXGroup;
			children = (
				8FA1702B229379B1000484E6 /* BrandsVC.swift */,
				8FFD6D55225F8739006C91F0 /* BrandsCell.swift */,
			);
			path = BarndView;
			sourceTree = "<group>";
		};
		8FA1702D2294471A000484E6 /* TransparentView */ = {
			isa = PBXGroup;
			children = (
				8FA1702E2294476A000484E6 /* TransparentViewVC.swift */,
				8FA170302294479B000484E6 /* transCell.swift */,
			);
			path = TransparentView;
			sourceTree = "<group>";
		};
		8FAACF0522903D1300CA3843 /* OrderStatus */ = {
			isa = PBXGroup;
			children = (
				8FAACF0622903D5400CA3843 /* OrderStatusVC.swift */,
				8FBE5B0722956528002FB158 /* OrderStatusCell.swift */,
			);
			path = OrderStatus;
			sourceTree = "<group>";
		};
		8FE27E03220741E900487348 /* Favforite */ = {
			isa = PBXGroup;
			children = (
				8FE27E052207428E00487348 /* FavoriteVC.swift */,
				8FE27E072207432F00487348 /* FavCell.swift */,
			);
			path = Favforite;
			sourceTree = "<group>";
		};
		8FE27E042207420B00487348 /* Others */ = {
			isa = PBXGroup;
			children = (
				8F7C77162206E51A00AA2CB7 /* AppDelegate.swift */,
				8F447E5C2248F73B00B75A25 /* UITabBar.swift */,
				8F8C13F022098A5D00F2A3D1 /* ContactUsVC.swift */,
				8FC827DD221B7E7400DBCCFD /* TermsVC.swift */,
				8FE329802294A68C001D8971 /* AboutUsVC.swift */,
				8FE329822294A98C001D8971 /* PolicyVC.swift */,
			);
			path = Others;
			sourceTree = "<group>";
		};
		8FE27E0B2207D20100487348 /* Offers */ = {
			isa = PBXGroup;
			children = (
				8FE27E0C2207D29D00487348 /* OffersVC.swift */,
				8FE27E0E2207D41000487348 /* OffersCell.swift */,
			);
			path = Offers;
			sourceTree = "<group>";
		};
		8FE3297B22945F4D001D8971 /* AccessoriesView */ = {
			isa = PBXGroup;
			children = (
				8FE3297E2294606D001D8971 /* AccessoryViewVC.swift */,
				8FE3297C22945F8C001D8971 /* AccessoryCell.swift */,
			);
			path = AccessoriesView;
			sourceTree = "<group>";
		};
		8FEE580922314DE1001F913C /* Send Order */ = {
			isa = PBXGroup;
			children = (
				8FEE580A22314E25001F913C /* OrderConfirmationVC.swift */,
			);
			path = "Send Order";
			sourceTree = "<group>";
		};
		8FEE580C223157ED001F913C /* Accessories Content */ = {
			isa = PBXGroup;
			children = (
				8FEE580D2231581C001F913C /* AccessoriesContentVC.swift */,
			);
			path = "Accessories Content";
			sourceTree = "<group>";
		};
/* End PBXGroup section */

/* Begin PBXNativeTarget section */
		8F7C77122206E51A00AA2CB7 /* Iris */ = {
			isa = PBXNativeTarget;
			buildConfigurationList = 8F7C77282206E52C00AA2CB7 /* Build configuration list for PBXNativeTarget "Iris" */;
			buildPhases = (
				3C72171B5B51A617E1CAA778 /* [CP] Check Pods Manifest.lock */,
				8F7C770F2206E51A00AA2CB7 /* Sources */,
				8F7C77102206E51A00AA2CB7 /* Frameworks */,
				8F7C77112206E51A00AA2CB7 /* Resources */,
				5B39BC839F5035B397B9DA92 /* [CP] Embed Pods Frameworks */,
			);
			buildRules = (
			);
			dependencies = (
			);
			name = Iris;
			productName = Iris;
			productReference = 8F7C77132206E51A00AA2CB7 /* Iris.app */;
			productType = "com.apple.product-type.application";
		};
/* End PBXNativeTarget section */

/* Begin PBXProject section */
		8F7C770B2206E51900AA2CB7 /* Project object */ = {
			isa = PBXProject;
			attributes = {
				LastSwiftUpdateCheck = 1010;
				LastUpgradeCheck = 1010;
				ORGANIZATIONNAME = CreativeShare;
				TargetAttributes = {
					8F7C77122206E51A00AA2CB7 = {
						CreatedOnToolsVersion = 10.1;
						LastSwiftMigration = 1020;
					};
				};
			};
			buildConfigurationList = 8F7C770E2206E51900AA2CB7 /* Build configuration list for PBXProject "Iris" */;
			compatibilityVersion = "Xcode 9.3";
			developmentRegion = en;
			hasScannedForEncodings = 0;
			knownRegions = (
				en,
				Base,
				ar,
			);
			mainGroup = 8F7C770A2206E51900AA2CB7;
			productRefGroup = 8F7C77142206E51A00AA2CB7 /* Products */;
			projectDirPath = "";
			projectRoot = "";
			targets = (
				8F7C77122206E51A00AA2CB7 /* Iris */,
			);
		};
/* End PBXProject section */

/* Begin PBXResourcesBuildPhase section */
		8F7C77112206E51A00AA2CB7 /* Resources */ = {
			isa = PBXResourcesBuildPhase;
			buildActionMask = 2147483647;
			files = (
				8F7C77242206E52C00AA2CB7 /* LaunchScreen.storyboard in Resources */,
				8F3AD4982220A43500E4836D /* Localizable.strings in Resources */,
				8F7C77212206E52C00AA2CB7 /* Assets.xcassets in Resources */,
				8F7C771C2206E51A00AA2CB7 /* Main.storyboard in Resources */,
				8F6A469F229AB0F5001771BD /* LoadingView.xib in Resources */,
			);
			runOnlyForDeploymentPostprocessing = 0;
		};
/* End PBXResourcesBuildPhase section */

/* Begin PBXShellScriptBuildPhase section */
		3C72171B5B51A617E1CAA778 /* [CP] Check Pods Manifest.lock */ = {
			isa = PBXShellScriptBuildPhase;
			buildActionMask = 2147483647;
			files = (
			);
			inputFileListPaths = (
			);
			inputPaths = (
				"${PODS_PODFILE_DIR_PATH}/Podfile.lock",
				"${PODS_ROOT}/Manifest.lock",
			);
			name = "[CP] Check Pods Manifest.lock";
			outputFileListPaths = (
			);
			outputPaths = (
				"$(DERIVED_FILE_DIR)/Pods-Iris-checkManifestLockResult.txt",
			);
			runOnlyForDeploymentPostprocessing = 0;
			shellPath = /bin/sh;
			shellScript = "diff \"${PODS_PODFILE_DIR_PATH}/Podfile.lock\" \"${PODS_ROOT}/Manifest.lock\" > /dev/null\nif [ $? != 0 ] ; then\n    # print error to STDERR\n    echo \"error: The sandbox is not in sync with the Podfile.lock. Run 'pod install' or update your CocoaPods installation.\" >&2\n    exit 1\nfi\n# This output is used by Xcode 'outputs' to avoid re-running this script phase.\necho \"SUCCESS\" > \"${SCRIPT_OUTPUT_FILE_0}\"\n";
			showEnvVarsInLog = 0;
		};
		5B39BC839F5035B397B9DA92 /* [CP] Embed Pods Frameworks */ = {
			isa = PBXShellScriptBuildPhase;
			buildActionMask = 2147483647;
			files = (
			);
			inputFileListPaths = (
				"${PODS_ROOT}/Target Support Files/Pods-Iris/Pods-Iris-frameworks-${CONFIGURATION}-input-files.xcfilelist",
			);
			name = "[CP] Embed Pods Frameworks";
			outputFileListPaths = (
				"${PODS_ROOT}/Target Support Files/Pods-Iris/Pods-Iris-frameworks-${CONFIGURATION}-output-files.xcfilelist",
			);
			runOnlyForDeploymentPostprocessing = 0;
			shellPath = /bin/sh;
			shellScript = "\"${PODS_ROOT}/Target Support Files/Pods-Iris/Pods-Iris-frameworks.sh\"\n";
			showEnvVarsInLog = 0;
		};
/* End PBXShellScriptBuildPhase section */

/* Begin PBXSourcesBuildPhase section */
		8F7C770F2206E51A00AA2CB7 /* Sources */ = {
			isa = PBXSourcesBuildPhase;
			buildActionMask = 2147483647;
			files = (
				8F439E3522186034006C4326 /* OHCircleSegue.swift in Sources */,
				8F447E5B22480E6200B75A25 /* Brand.swift in Sources */,
				8F970DF0226B21D400AF587E /* ViewController + extensions.swift in Sources */,
				8FE27E0A220799A400487348 /* Ads.swift in Sources */,
				8FA170312294479B000484E6 /* transCell.swift in Sources */,
				8F3AAC6E226236F1009D7C67 /* Trend.swift in Sources */,
				8F447E572247D2C700B75A25 /* ModelCV.swift in Sources */,
				8F8C13F32209900F00F2A3D1 /* ProfileVC.swift in Sources */,
				8F8C13FA220999E400F2A3D1 /* MyOrderTableViewCell.swift in Sources */,
				8F447E592247D39800B75A25 /* ModelCell.swift in Sources */,
				8F6A46A3229AB0F5001771BD /* SpringAnimation.swift in Sources */,
				8FAACF0722903D5400CA3843 /* OrderStatusVC.swift in Sources */,
				8FC827DA221A39F300DBCCFD /* Login.swift in Sources */,
				8F826CFE220C7C4F002C762A /* SearchVC.swift in Sources */,
				8F6A46A2229AB0F5001771BD /* AutoTextView.swift in Sources */,
				8FE69131229B2F440070B6A6 /* BadgeBarButtonItem.swift in Sources */,
				8F6A469E229AB0F5001771BD /* AsyncButton.swift in Sources */,
				8F6A46A0229AB0F5001771BD /* SpringLabel.swift in Sources */,
				8FE27E082207432F00487348 /* FavCell.swift in Sources */,
				8F6A468E229AB0F5001771BD /* TransitionZoom.swift in Sources */,
				8F4C3B31220C65C200C74A38 /* TransitionCoordinator.swift in Sources */,
				8F7C77422206FCD500AA2CB7 /* RoundedUIView.swift in Sources */,
				8FC827E2221CF33F00DBCCFD /* MyOrder.swift in Sources */,
				8FE329812294A68D001D8971 /* AboutUsVC.swift in Sources */,
				8FE95B64220A60420026C97E /* Alert.swift in Sources */,
				8FE27E062207428E00487348 /* FavoriteVC.swift in Sources */,
				8FA1702F2294476B000484E6 /* TransparentViewVC.swift in Sources */,
				8FF0C3D6225606ED009B946A /* API + Brands.swift in Sources */,
				8FE27E112207D8AB00487348 /* AdContentVC.swift in Sources */,
				8F6A469A229AB0F5001771BD /* DesignableButton.swift in Sources */,
				8F3EC5A522883F7800336D0E /* ItemsList.xcdatamodeld in Sources */,
				8F8C13F5220994C600F2A3D1 /* Validation+Extension.swift in Sources */,
				8FE27E0F2207D41000487348 /* OffersCell.swift in Sources */,
				8F3EC5A12288133100336D0E /* SendOrderModel.swift in Sources */,
				8F6B0BC122BFB7A700C9F58E /* General.swift in Sources */,
				8F4C3B1E220B724700C74A38 /* CartVC.swift in Sources */,
				8F6A469B229AB0F5001771BD /* SpringTextField.swift in Sources */,
				8F4C3B29220B7D0E00C74A38 /* UITableView+Ext.swift in Sources */,
				8F8C13E72208CF4E00F2A3D1 /* UIButton + extension.swift in Sources */,
				8F6A46A5229AB0F5001771BD /* LoadingView.swift in Sources */,
				8F2D9624220733310093F46D /* marketCell.swift in Sources */,
				8F6A4693229AB0F5001771BD /* SoundPlayer.swift in Sources */,
				8FD8B878220DCD450018645A /* CartCell.swift in Sources */,
				8F2730FB22707C3900A0C038 /* String + Extension.swift in Sources */,
				8F6B0BC022BFB7A700C9F58E /* CheckLanguage.swift in Sources */,
				8F7C77192206E51A00AA2CB7 /* MarketVC.swift in Sources */,
				8F439E382218CF82006C4326 /* API.swift in Sources */,
				8F6A468F229AB0F5001771BD /* ImageLoader.swift in Sources */,
				8F8C13F8220999A500F2A3D1 /* MyOrders.swift in Sources */,
				8FE27E0D2207D29D00487348 /* OffersVC.swift in Sources */,
				8F4C3B2A220B7D0E00C74A38 /* Animations.swift in Sources */,
				8FFD6D56225F8739006C91F0 /* BrandsCell.swift in Sources */,
				8F2730FD22707C9700A0C038 /* Double + Extension.swift in Sources */,
				8F6A4695229AB0F5001771BD /* DesignableTextField.swift in Sources */,
				8F6A469C229AB0F5001771BD /* DesignableView.swift in Sources */,
				8F826D00220C7CA3002C762A /* SearchCell.swift in Sources */,
				8F6A46A4229AB0F5001771BD /* UnwindSegue.swift in Sources */,
				8F4C3B21220B759800C74A38 /* MoreVC.swift in Sources */,
				8F6A4694229AB0F5001771BD /* BlurView.swift in Sources */,
				8FE329832294A98C001D8971 /* PolicyVC.swift in Sources */,
				8F3AAC6C22623231009D7C67 /* specialLenses.swift in Sources */,
				8F447E522247ADA300B75A25 /* QuestionCell.swift in Sources */,
				8F8C13ED22090E1A00F2A3D1 /* JSON+Extension.swift in Sources */,
				8F4C3B24220B77D100C74A38 /* MoreCell.swift in Sources */,
				8F6A469D229AB0F5001771BD /* DesignableTabBarController.swift in Sources */,
				8F447E542247B06300B75A25 /* Question.swift in Sources */,
				8FC827DC221B09E900DBCCFD /* Slider.swift in Sources */,
				8F6A468D229AB0F5001771BD /* TransitionManager.swift in Sources */,
				8FA1702C229379B1000484E6 /* BrandsVC.swift in Sources */,
				8F6A468C229AB0F5001771BD /* KeyboardLayoutConstraint.swift in Sources */,
				8FEE580B22314E25001F913C /* OrderConfirmationVC.swift in Sources */,
				8F439E3A2218D299006C4326 /* URLs.swift in Sources */,
				8F3F55E0226771010076375B /* SpecailLensesVC.swift in Sources */,
				8F3AAC6A22622589009D7C67 /* TrendCell.swift in Sources */,
				8F183EA92231DE1300030AA0 /* SignUpVC.swift in Sources */,
				8F8C13F122098A6100F2A3D1 /* ContactUsVC.swift in Sources */,
				8F6A4697229AB0F5001771BD /* SpringTextView.swift in Sources */,
				8FE3297F2294606D001D8971 /* AccessoryViewVC.swift in Sources */,
				8FC827DE221B7E7500DBCCFD /* TermsVC.swift in Sources */,
				8FC827E0221C26BB00DBCCFD /* Package.swift in Sources */,
				8F447E5D2248F73B00B75A25 /* UITabBar.swift in Sources */,
				8FA1702922934BBD000484E6 /* ColorViewVC.swift in Sources */,
				8F6A4698229AB0F5001771BD /* Misc.swift in Sources */,
				8FBE5B0822956529002FB158 /* OrderStatusCell.swift in Sources */,
				8F7C77312206EEFD00AA2CB7 /* LoginVC.swift in Sources */,
				8F8C13E92208F53300F2A3D1 /* ImageInsideTextField.swift in Sources */,
				8F8C13EF22091D1A00F2A3D1 /* CircleImage.swift in Sources */,
				8F447E502247ACAA00B75A25 /* QuestionsVC.swift in Sources */,
				8F8C13FC22099A1000F2A3D1 /* MyOrderCollectionViewCell.swift in Sources */,
				8F970DEE226B21A300AF587E /* UITextField + extension.swift in Sources */,
				8F6A4696229AB0F5001771BD /* SpringButton.swift in Sources */,
				8F6A46A1229AB0F5001771BD /* DesignableTextView.swift in Sources */,
				8FEE580E2231581C001F913C /* AccessoriesContentVC.swift in Sources */,
				8F6A46A7229AB0F5001771BD /* AsyncImageView.swift in Sources */,
				8FA170252291FC0F000484E6 /* Coupon.swift in Sources */,
				8F6A4691229AB0F5001771BD /* SpringImageView.swift in Sources */,
				8F183EAC2231EC8F00030AA0 /* ProfileCell.swift in Sources */,
				8F4C3B30220C65C200C74A38 /* CircularTransition.swift in Sources */,
				8F6B0BC422BFB94800C9F58E /* Helper.swift in Sources */,
				8F3F55DB22667B5E0076375B /* CardView.swift in Sources */,
				8F6A4699229AB0F5001771BD /* SpringView.swift in Sources */,
				8F6A468B229AB0F5001771BD /* DesignableImageView.swift in Sources */,
				8F6A4692229AB0F5001771BD /* DesignableLabel.swift in Sources */,
				8F3F55DD226741DD0076375B /* CollectionCell + extension.swift in Sources */,
				8F4C3B2B220B7D0E00C74A38 /* Animator.swift in Sources */,
				8F7C773F2206FBB400AA2CB7 /* CornerButtons.swift in Sources */,
				8F8C13EB22090A4900F2A3D1 /* UIView + extension.swift in Sources */,
				8F7C77172206E51A00AA2CB7 /* AppDelegate.swift in Sources */,
				8FE3297D22945F8C001D8971 /* AccessoryCell.swift in Sources */,
				8F26FBD6221A0482009FA641 /* API + Ads.swift in Sources */,
				8F6A4690229AB0F5001771BD /* Spring.swift in Sources */,
			);
			runOnlyForDeploymentPostprocessing = 0;
		};
/* End PBXSourcesBuildPhase section */

/* Begin PBXVariantGroup section */
		8F3AD49A2220A43500E4836D /* Localizable.strings */ = {
			isa = PBXVariantGroup;
			children = (
				8F3AD4992220A43500E4836D /* en */,
				8F3AD49B2220A44A00E4836D /* ar */,
			);
			name = Localizable.strings;
			sourceTree = "<group>";
		};
		8F7C771A2206E51A00AA2CB7 /* Main.storyboard */ = {
			isa = PBXVariantGroup;
			children = (
				8F7C771B2206E51A00AA2CB7 /* Base */,
				8F3AD4942220A39400E4836D /* ar */,
			);
			name = Main.storyboard;
			sourceTree = "<group>";
		};
		8F7C77222206E52C00AA2CB7 /* LaunchScreen.storyboard */ = {
			isa = PBXVariantGroup;
			children = (
				8F7C77232206E52C00AA2CB7 /* Base */,
				8F3AD4952220A3D700E4836D /* ar */,
			);
			name = LaunchScreen.storyboard;
			sourceTree = "<group>";
		};
/* End PBXVariantGroup section */

/* Begin XCBuildConfiguration section */
		8F7C77262206E52C00AA2CB7 /* Debug */ = {
			isa = XCBuildConfiguration;
			buildSettings = {
				ALWAYS_SEARCH_USER_PATHS = NO;
				CLANG_ANALYZER_LOCALIZABILITY_NONLOCALIZED = YES;
				CLANG_ANALYZER_NONNULL = YES;
				CLANG_ANALYZER_NUMBER_OBJECT_CONVERSION = YES_AGGRESSIVE;
				CLANG_CXX_LANGUAGE_STANDARD = "gnu++14";
				CLANG_CXX_LIBRARY = "libc++";
				CLANG_ENABLE_MODULES = YES;
				CLANG_ENABLE_OBJC_ARC = YES;
				CLANG_ENABLE_OBJC_WEAK = YES;
				CLANG_WARN_BLOCK_CAPTURE_AUTORELEASING = YES;
				CLANG_WARN_BOOL_CONVERSION = YES;
				CLANG_WARN_COMMA = YES;
				CLANG_WARN_CONSTANT_CONVERSION = YES;
				CLANG_WARN_DEPRECATED_OBJC_IMPLEMENTATIONS = YES;
				CLANG_WARN_DIRECT_OBJC_ISA_USAGE = YES_ERROR;
				CLANG_WARN_DOCUMENTATION_COMMENTS = YES;
				CLANG_WARN_EMPTY_BODY = YES;
				CLANG_WARN_ENUM_CONVERSION = YES;
				CLANG_WARN_INFINITE_RECURSION = YES;
				CLANG_WARN_INT_CONVERSION = YES;
				CLANG_WARN_NON_LITERAL_NULL_CONVERSION = YES;
				CLANG_WARN_OBJC_IMPLICIT_RETAIN_SELF = YES;
				CLANG_WARN_OBJC_LITERAL_CONVERSION = YES;
				CLANG_WARN_OBJC_ROOT_CLASS = YES_ERROR;
				CLANG_WARN_RANGE_LOOP_ANALYSIS = YES;
				CLANG_WARN_STRICT_PROTOTYPES = YES;
				CLANG_WARN_SUSPICIOUS_MOVE = YES;
				CLANG_WARN_UNGUARDED_AVAILABILITY = YES_AGGRESSIVE;
				CLANG_WARN_UNREACHABLE_CODE = YES;
				CLANG_WARN__DUPLICATE_METHOD_MATCH = YES;
				CODE_SIGN_IDENTITY = "iPhone Developer";
				COPY_PHASE_STRIP = NO;
				DEBUG_INFORMATION_FORMAT = dwarf;
				ENABLE_STRICT_OBJC_MSGSEND = YES;
				ENABLE_TESTABILITY = YES;
				GCC_C_LANGUAGE_STANDARD = gnu11;
				GCC_DYNAMIC_NO_PIC = NO;
				GCC_NO_COMMON_BLOCKS = YES;
				GCC_OPTIMIZATION_LEVEL = 0;
				GCC_PREPROCESSOR_DEFINITIONS = (
					"DEBUG=1",
					"$(inherited)",
				);
				GCC_WARN_64_TO_32_BIT_CONVERSION = YES;
				GCC_WARN_ABOUT_RETURN_TYPE = YES_ERROR;
				GCC_WARN_UNDECLARED_SELECTOR = YES;
				GCC_WARN_UNINITIALIZED_AUTOS = YES_AGGRESSIVE;
				GCC_WARN_UNUSED_FUNCTION = YES;
				GCC_WARN_UNUSED_VARIABLE = YES;
				IPHONEOS_DEPLOYMENT_TARGET = 12.2;
				MTL_ENABLE_DEBUG_INFO = INCLUDE_SOURCE;
				MTL_FAST_MATH = YES;
				ONLY_ACTIVE_ARCH = YES;
				SDKROOT = iphoneos;
				SWIFT_ACTIVE_COMPILATION_CONDITIONS = DEBUG;
				SWIFT_OBJC_BRIDGING_HEADER = "/Users/mahmoudhajar/Desktop/Projects/Iris app/Iris/Iris/View/Iris-Bridging-Header.h";
				SWIFT_OBJC_INTERFACE_HEADER_NAME = "Iris-Swift.h";
				SWIFT_OPTIMIZATION_LEVEL = "-Onone";
				SWIFT_VERSION = 5.0;
			};
			name = Debug;
		};
		8F7C77272206E52C00AA2CB7 /* Release */ = {
			isa = XCBuildConfiguration;
			buildSettings = {
				ALWAYS_SEARCH_USER_PATHS = NO;
				CLANG_ANALYZER_LOCALIZABILITY_NONLOCALIZED = YES;
				CLANG_ANALYZER_NONNULL = YES;
				CLANG_ANALYZER_NUMBER_OBJECT_CONVERSION = YES_AGGRESSIVE;
				CLANG_CXX_LANGUAGE_STANDARD = "gnu++14";
				CLANG_CXX_LIBRARY = "libc++";
				CLANG_ENABLE_MODULES = YES;
				CLANG_ENABLE_OBJC_ARC = YES;
				CLANG_ENABLE_OBJC_WEAK = YES;
				CLANG_WARN_BLOCK_CAPTURE_AUTORELEASING = YES;
				CLANG_WARN_BOOL_CONVERSION = YES;
				CLANG_WARN_COMMA = YES;
				CLANG_WARN_CONSTANT_CONVERSION = YES;
				CLANG_WARN_DEPRECATED_OBJC_IMPLEMENTATIONS = YES;
				CLANG_WARN_DIRECT_OBJC_ISA_USAGE = YES_ERROR;
				CLANG_WARN_DOCUMENTATION_COMMENTS = YES;
				CLANG_WARN_EMPTY_BODY = YES;
				CLANG_WARN_ENUM_CONVERSION = YES;
				CLANG_WARN_INFINITE_RECURSION = YES;
				CLANG_WARN_INT_CONVERSION = YES;
				CLANG_WARN_NON_LITERAL_NULL_CONVERSION = YES;
				CLANG_WARN_OBJC_IMPLICIT_RETAIN_SELF = YES;
				CLANG_WARN_OBJC_LITERAL_CONVERSION = YES;
				CLANG_WARN_OBJC_ROOT_CLASS = YES_ERROR;
				CLANG_WARN_RANGE_LOOP_ANALYSIS = YES;
				CLANG_WARN_STRICT_PROTOTYPES = YES;
				CLANG_WARN_SUSPICIOUS_MOVE = YES;
				CLANG_WARN_UNGUARDED_AVAILABILITY = YES_AGGRESSIVE;
				CLANG_WARN_UNREACHABLE_CODE = YES;
				CLANG_WARN__DUPLICATE_METHOD_MATCH = YES;
				CODE_SIGN_IDENTITY = "iPhone Developer";
				COPY_PHASE_STRIP = NO;
				DEBUG_INFORMATION_FORMAT = "dwarf-with-dsym";
				ENABLE_NS_ASSERTIONS = NO;
				ENABLE_STRICT_OBJC_MSGSEND = YES;
				GCC_C_LANGUAGE_STANDARD = gnu11;
				GCC_NO_COMMON_BLOCKS = YES;
				GCC_WARN_64_TO_32_BIT_CONVERSION = YES;
				GCC_WARN_ABOUT_RETURN_TYPE = YES_ERROR;
				GCC_WARN_UNDECLARED_SELECTOR = YES;
				GCC_WARN_UNINITIALIZED_AUTOS = YES_AGGRESSIVE;
				GCC_WARN_UNUSED_FUNCTION = YES;
				GCC_WARN_UNUSED_VARIABLE = YES;
				IPHONEOS_DEPLOYMENT_TARGET = 12.2;
				MTL_ENABLE_DEBUG_INFO = NO;
				MTL_FAST_MATH = YES;
				SDKROOT = iphoneos;
				SWIFT_COMPILATION_MODE = wholemodule;
				SWIFT_OBJC_BRIDGING_HEADER = "/Users/mahmoudhajar/Desktop/Projects/Iris app/Iris/Iris/View/Iris-Bridging-Header.h";
				SWIFT_OBJC_INTERFACE_HEADER_NAME = "Iris-Swift.h";
				SWIFT_OPTIMIZATION_LEVEL = "-O";
				SWIFT_VERSION = 5.0;
				VALIDATE_PRODUCT = YES;
			};
			name = Release;
		};
		8F7C77292206E52C00AA2CB7 /* Debug */ = {
			isa = XCBuildConfiguration;
			baseConfigurationReference = 7DBEA2430973606534090F8A /* Pods-Iris.debug.xcconfig */;
			buildSettings = {
				ASSETCATALOG_COMPILER_APPICON_NAME = AppIcon;
				CLANG_ENABLE_MODULES = YES;
				CODE_SIGN_IDENTITY = "iPhone Developer";
				CODE_SIGN_STYLE = Automatic;
				DEVELOPMENT_TEAM = ZYXWKAWWZ4;
				INFOPLIST_FILE = "$(SRCROOT)/Iris/Services/Info.plist";
				IPHONEOS_DEPLOYMENT_TARGET = 11.0;
				LD_RUNPATH_SEARCH_PATHS = (
					"$(inherited)",
					"@executable_path/Frameworks",
				);
				PRODUCT_BUNDLE_IDENTIFIER = com.creativeshare.irisStore;
				PRODUCT_NAME = "$(TARGET_NAME)";
				PROVISIONING_PROFILE_SPECIFIER = "";
				SWIFT_OBJC_BRIDGING_HEADER = "";
				SWIFT_OPTIMIZATION_LEVEL = "-Onone";
				SWIFT_VERSION = 5.0;
				TARGETED_DEVICE_FAMILY = "1,2";
			};
			name = Debug;
		};
		8F7C772A2206E52C00AA2CB7 /* Release */ = {
			isa = XCBuildConfiguration;
			baseConfigurationReference = 672A9F7949B2DA3F5E63F720 /* Pods-Iris.release.xcconfig */;
			buildSettings = {
				ASSETCATALOG_COMPILER_APPICON_NAME = AppIcon;
				CLANG_ENABLE_MODULES = YES;
				CODE_SIGN_IDENTITY = "iPhone Developer";
				CODE_SIGN_STYLE = Automatic;
				DEVELOPMENT_TEAM = ZYXWKAWWZ4;
				INFOPLIST_FILE = "$(SRCROOT)/Iris/Services/Info.plist";
				IPHONEOS_DEPLOYMENT_TARGET = 11.0;
				LD_RUNPATH_SEARCH_PATHS = (
					"$(inherited)",
					"@executable_path/Frameworks",
				);
				PRODUCT_BUNDLE_IDENTIFIER = com.creativeshare.irisStore;
				PRODUCT_NAME = "$(TARGET_NAME)";
				PROVISIONING_PROFILE_SPECIFIER = "";
				SWIFT_OBJC_BRIDGING_HEADER = "";
				SWIFT_VERSION = 5.0;
				TARGETED_DEVICE_FAMILY = "1,2";
			};
			name = Release;
		};
/* End XCBuildConfiguration section */

/* Begin XCConfigurationList section */
		8F7C770E2206E51900AA2CB7 /* Build configuration list for PBXProject "Iris" */ = {
			isa = XCConfigurationList;
			buildConfigurations = (
				8F7C77262206E52C00AA2CB7 /* Debug */,
				8F7C77272206E52C00AA2CB7 /* Release */,
			);
			defaultConfigurationIsVisible = 0;
			defaultConfigurationName = Release;
		};
		8F7C77282206E52C00AA2CB7 /* Build configuration list for PBXNativeTarget "Iris" */ = {
			isa = XCConfigurationList;
			buildConfigurations = (
				8F7C77292206E52C00AA2CB7 /* Debug */,
				8F7C772A2206E52C00AA2CB7 /* Release */,
			);
			defaultConfigurationIsVisible = 0;
			defaultConfigurationName = Release;
		};
/* End XCConfigurationList section */

/* Begin XCVersionGroup section */
		8F3EC5A322883F7800336D0E /* ItemsList.xcdatamodeld */ = {
			isa = XCVersionGroup;
			children = (
				8F3EC5A422883F7800336D0E /* ItemsList.xcdatamodel */,
			);
			currentVersion = 8F3EC5A422883F7800336D0E /* ItemsList.xcdatamodel */;
			path = ItemsList.xcdatamodeld;
			sourceTree = "<group>";
			versionGroupType = wrapper.xcdatamodel;
		};
/* End XCVersionGroup section */
	};
	rootObject = 8F7C770B2206E51900AA2CB7 /* Project object */;
}
